
Microsoft Visual Studio Solution File, Format Version 12.00
# Visual Studio Version 16
VisualStudioVersion = 16.0.30804.86
MinimumVisualStudioVersion = 10.0.40219.1
Project("{8BC9CEB8-8B4A-11D0-8D11-00A0C91BC942}") = "Space Game", "Space Game\Space Game.vcxproj", "{1B6D3FD3-7BC7-4189-9091-22AB64BDE073}"
EndProject
Project("{8BC9CEB8-8B4A-11D0-8D11-00A0C91BC942}") = "SpaceServer", "SpaceServer\SpaceServer.vcxproj", "{1DDC989F-FD88-418F-9683-BE0911483F49}"
EndProject
Global
	GlobalSection(SolutionConfigurationPlatforms) = preSolution
		Debug|x64 = Debug|x64
		Debug|x86 = Debug|x86
		Release|x64 = Release|x64
		Release|x86 = Release|x86
	EndGlobalSection
	GlobalSection(ProjectConfigurationPlatforms) = postSolution
		{1B6D3FD3-7BC7-4189-9091-22AB64BDE073}.Debug|x64.ActiveCfg = Debug|x64
		{1B6D3FD3-7BC7-4189-9091-22AB64BDE073}.Debug|x64.Build.0 = Debug|x64
		{1B6D3FD3-7BC7-4189-9091-22AB64BDE073}.Debug|x86.ActiveCfg = Debug|Win32
		{1B6D3FD3-7BC7-4189-9091-22AB64BDE073}.Debug|x86.Build.0 = Debug|Win32
		{1B6D3FD3-7BC7-4189-9091-22AB64BDE073}.Release|x64.ActiveCfg = Release|x64
		{1B6D3FD3-7BC7-4189-9091-22AB64BDE073}.Release|x64.Build.0 = Release|x64
		{1B6D3FD3-7BC7-4189-9091-22AB64BDE073}.Release|x86.ActiveCfg = Release|Win32
		{1B6D3FD3-7BC7-4189-9091-22AB64BDE073}.Release|x86.Build.0 = Release|Win32
		{1DDC989F-FD88-418F-9683-BE0911483F49}.Debug|x64.ActiveCfg = Debug|x64
		{1DDC989F-FD88-418F-9683-BE0911483F49}.Debug|x64.Build.0 = Debug|x64
		{1DDC989F-FD88-418F-9683-BE0911483F49}.Debug|x86.ActiveCfg = Debug|Win32
		{1DDC989F-FD88-418F-9683-BE0911483F49}.Debug|x86.Build.0 = Debug|Win32
		{1DDC989F-FD88-418F-9683-BE0911483F49}.Release|x64.ActiveCfg = Release|x64
		{1DDC989F-FD88-418F-9683-BE0911483F49}.Release|x64.Build.0 = Release|x64
		{1DDC989F-FD88-418F-9683-BE0911483F49}.Release|x86.ActiveCfg = Release|Win32
		{1DDC989F-FD88-418F-9683-BE0911483F49}.Release|x86.Build.0 = Release|Win32
	EndGlobalSection
	GlobalSection(SolutionProperties) = preSolution
		HideSolutionNode = FALSE
	EndGlobalSection
	GlobalSection(ExtensibilityGlobals) = postSolution
		SolutionGuid = {5047FEF9-419F-4843-8837-72AB9854808A}
	EndGlobalSection
EndGlobal
